
Microsoft Visual Studio Solution File, Format Version 12.00
# Visual Studio Version 17
VisualStudioVersion = 17.14.37216.2 d17.14
MinimumVisualStudioVersion = 10.0.40219.1
Project("{FAE04EC0-301F-11D3-BF4B-00C04F79EFBC}") = "MunicipalServicesApp", "MunicipalServicesApp\MunicipalServicesApp.csproj", "{29C8DE47-DB5F-4DB6-9003-99238AEBB1AE}"
EndProject
Global
	GlobalSection(SolutionConfigurationPlatforms) = preSolution
		Debug|Any CPU = Debug|Any CPU
		Release|Any CPU = Release|Any CPU
	EndGlobalSection
	GlobalSection(ProjectConfigurationPlatforms) = postSolution
		{29C8DE47-DB5F-4DB6-9003-99238AEBB1AE}.Debug|Any CPU.ActiveCfg = Debug|Any CPU
		{29C8DE47-DB5F-4DB6-9003-99238AEBB1AE}.Debug|Any CPU.Build.0 = Debug|Any CPU
		{29C8DE47-DB5F-4DB6-9003-99238AEBB1AE}.Release|Any CPU.ActiveCfg = Release|Any CPU
		{29C8DE47-DB5F-4DB6-9003-99238AEBB1AE}.Release|Any CPU.Build.0 = Release|Any CPU
	EndGlobalSection
	GlobalSection(SolutionProperties) = preSolution
		HideSolutionNode = FALSE
	EndGlobalSection
	GlobalSection(ExtensibilityGlobals) = postSolution
		SolutionGuid = {8796C2DE-D350-49A7-A0F8-23014F338508}
	EndGlobalSection
EndGlobal
